{
  "name": "testenv",
  "version": "1.0.0",
  "lockfileVersion": 1,
  "requires": true,
  "dependencies": {
    "templated-folder-generator": {
      "version": "file:..",
      "requires": {
        "app-root-path": "^2.1.0",
        "commander": "^2.19.0",
        "handlebars": "^4.0.12"
      },
      "dependencies": {
        "app-root-path": {
          "version": "2.1.0",
          "bundled": true
        },
        "async": {
          "version": "2.6.1",
          "bundled": true,
          "requires": {
            "lodash": "^4.17.10"
          }
        },
        "commander": {
          "version": "2.19.0",
          "bundled": true
        },
        "handlebars": {
          "version": "4.0.12",
          "bundled": true,
          "requires": {
            "async": "^2.5.0",
            "optimist": "^0.6.1",
            "source-map": "^0.6.1",
            "uglify-js": "^3.1.4"
          }
        },
        "lodash": {
          "version": "4.17.11",
          "bundled": true
        },
        "minimist": {
          "version": "0.0.10",
          "bundled": true
        },
        "optimist": {
          "version": "0.6.1",
          "bundled": true,
          "requires": {
            "minimist": "~0.0.1",
            "wordwrap": "~0.0.2"
          }
        },
        "source-map": {
          "version": "0.6.1",
          "bundled": true
        },
        "uglify-js": {
          "version": "3.4.9",
          "bundled": true,
          "optional": true,
          "requires": {
            "commander": "~2.17.1",
            "source-map": "~0.6.1"
          },
          "dependencies": {
            "commander": {
              "version": "2.17.1",
              "bundled": true,
              "optional": true
            }
          }
        },
        "wordwrap": {
          "version": "0.0.3",
          "bundled": true
        }
      }
    }
  }
}
